
Microsoft Visual Studio Solution File, Format Version 12.00
Project("{FAE04EC0-301F-11D3-BF4B-00C04F79EFBC}") = "Unsafe", "Unsafe\Unsafe.csproj", "{55A53F69-F980-4F1D-8E7D-04F01F8177DB}"
EndProject
Project("{2150E333-8FDC-42A3-9474-1A3956D46DE8}") = "Solution Items", "Solution Items", "{F0805FEE-1B4B-47B8-BD84-7EB18AE4B9A9}"
	ProjectSection(SolutionItems) = preProject
		docker-compose.yml = docker-compose.yml
	EndProjectSection
EndProject
Project("{FAE04EC0-301F-11D3-BF4B-00C04F79EFBC}") = "Expressions", "Expressions\Expressions.csproj", "{36F62286-923D-4913-9C96-8677168CE189}"
EndProject
Project("{FAE04EC0-301F-11D3-BF4B-00C04F79EFBC}") = "Patterns", "Patterns\Patterns.csproj", "{7B29F3A1-2C4D-4B20-9525-8CC7E7D0EBD1}"
EndProject
Project("{FAE04EC0-301F-11D3-BF4B-00C04F79EFBC}") = "Algos", "Algos\Algos.csproj", "{5C732DFE-FFAB-4F48-9CEE-CF1C94DD88CF}"
EndProject
Project("{FAE04EC0-301F-11D3-BF4B-00C04F79EFBC}") = "DataStructures", "DataStructures\DataStructures.csproj", "{94F03987-9B27-4FBB-B09D-757ED67D6F14}"
EndProject
Project("{FAE04EC0-301F-11D3-BF4B-00C04F79EFBC}") = "SOLID", "SOLID\SOLID.csproj", "{61F8498A-A463-4A93-8A67-D9B78328FF52}"
EndProject
Global
	GlobalSection(SolutionConfigurationPlatforms) = preSolution
		Debug|Any CPU = Debug|Any CPU
		Release|Any CPU = Release|Any CPU
	EndGlobalSection
	GlobalSection(ProjectConfigurationPlatforms) = postSolution
		{55A53F69-F980-4F1D-8E7D-04F01F8177DB}.Debug|Any CPU.ActiveCfg = Debug|Any CPU
		{55A53F69-F980-4F1D-8E7D-04F01F8177DB}.Debug|Any CPU.Build.0 = Debug|Any CPU
		{55A53F69-F980-4F1D-8E7D-04F01F8177DB}.Release|Any CPU.ActiveCfg = Release|Any CPU
		{55A53F69-F980-4F1D-8E7D-04F01F8177DB}.Release|Any CPU.Build.0 = Release|Any CPU
		{36F62286-923D-4913-9C96-8677168CE189}.Debug|Any CPU.ActiveCfg = Debug|Any CPU
		{36F62286-923D-4913-9C96-8677168CE189}.Debug|Any CPU.Build.0 = Debug|Any CPU
		{36F62286-923D-4913-9C96-8677168CE189}.Release|Any CPU.ActiveCfg = Release|Any CPU
		{36F62286-923D-4913-9C96-8677168CE189}.Release|Any CPU.Build.0 = Release|Any CPU
		{7B29F3A1-2C4D-4B20-9525-8CC7E7D0EBD1}.Debug|Any CPU.ActiveCfg = Debug|Any CPU
		{7B29F3A1-2C4D-4B20-9525-8CC7E7D0EBD1}.Debug|Any CPU.Build.0 = Debug|Any CPU
		{7B29F3A1-2C4D-4B20-9525-8CC7E7D0EBD1}.Release|Any CPU.ActiveCfg = Release|Any CPU
		{7B29F3A1-2C4D-4B20-9525-8CC7E7D0EBD1}.Release|Any CPU.Build.0 = Release|Any CPU
		{5C732DFE-FFAB-4F48-9CEE-CF1C94DD88CF}.Debug|Any CPU.ActiveCfg = Debug|Any CPU
		{5C732DFE-FFAB-4F48-9CEE-CF1C94DD88CF}.Debug|Any CPU.Build.0 = Debug|Any CPU
		{5C732DFE-FFAB-4F48-9CEE-CF1C94DD88CF}.Release|Any CPU.ActiveCfg = Release|Any CPU
		{5C732DFE-FFAB-4F48-9CEE-CF1C94DD88CF}.Release|Any CPU.Build.0 = Release|Any CPU
		{94F03987-9B27-4FBB-B09D-757ED67D6F14}.Debug|Any CPU.ActiveCfg = Debug|Any CPU
		{94F03987-9B27-4FBB-B09D-757ED67D6F14}.Debug|Any CPU.Build.0 = Debug|Any CPU
		{94F03987-9B27-4FBB-B09D-757ED67D6F14}.Release|Any CPU.ActiveCfg = Release|Any CPU
		{94F03987-9B27-4FBB-B09D-757ED67D6F14}.Release|Any CPU.Build.0 = Release|Any CPU
		{61F8498A-A463-4A93-8A67-D9B78328FF52}.Debug|Any CPU.ActiveCfg = Debug|Any CPU
		{61F8498A-A463-4A93-8A67-D9B78328FF52}.Debug|Any CPU.Build.0 = Debug|Any CPU
		{61F8498A-A463-4A93-8A67-D9B78328FF52}.Release|Any CPU.ActiveCfg = Release|Any CPU
		{61F8498A-A463-4A93-8A67-D9B78328FF52}.Release|Any CPU.Build.0 = Release|Any CPU
	EndGlobalSection
EndGlobal
